
Microsoft Visual Studio Solution File, Format Version 12.00
# Visual Studio Version 17
VisualStudioVersion = 17.3.32929.385
MinimumVisualStudioVersion = 10.0.40219.1
Project("{FAE04EC0-301F-11D3-BF4B-00C04F79EFBC}") = "Lõputöö", "Lõputöö\Lõputöö.csproj", "{67558006-7321-4071-9234-2A6E0BAA220C}"
EndProject
Global
	GlobalSection(SolutionConfigurationPlatforms) = preSolution
		Debug|Any CPU = Debug|Any CPU
		Release|Any CPU = Release|Any CPU
	EndGlobalSection
	GlobalSection(ProjectConfigurationPlatforms) = postSolution
		{67558006-7321-4071-9234-2A6E0BAA220C}.Debug|Any CPU.ActiveCfg = Debug|Any CPU
		{67558006-7321-4071-9234-2A6E0BAA220C}.Debug|Any CPU.Build.0 = Debug|Any CPU
		{67558006-7321-4071-9234-2A6E0BAA220C}.Release|Any CPU.ActiveCfg = Release|Any CPU
		{67558006-7321-4071-9234-2A6E0BAA220C}.Release|Any CPU.Build.0 = Release|Any CPU
	EndGlobalSection
	GlobalSection(SolutionProperties) = preSolution
		HideSolutionNode = FALSE
	EndGlobalSection
	GlobalSection(ExtensibilityGlobals) = postSolution
		SolutionGuid = {F00B863F-0CCC-4E95-B667-48A7418594DE}
	EndGlobalSection
EndGlobal
